
Microsoft Visual Studio Solution File, Format Version 12.00
# Visual Studio Version 17
VisualStudioVersion = 17.0.31912.275
MinimumVisualStudioVersion = 10.0.40219.1
Project("{FAE04EC0-301F-11D3-BF4B-00C04F79EFBC}") = "WebApi", "WebApi\WebApi.csproj", "{5FD97262-D76C-4B20-AC04-13A860533735}"
EndProject
Global
	GlobalSection(SolutionConfigurationPlatforms) = preSolution
		Debug|Any CPU = Debug|Any CPU
		Release|Any CPU = Release|Any CPU
	EndGlobalSection
	GlobalSection(ProjectConfigurationPlatforms) = postSolution
		{5FD97262-D76C-4B20-AC04-13A860533735}.Debug|Any CPU.ActiveCfg = Debug|Any CPU
		{5FD97262-D76C-4B20-AC04-13A860533735}.Debug|Any CPU.Build.0 = Debug|Any CPU
		{5FD97262-D76C-4B20-AC04-13A860533735}.Release|Any CPU.ActiveCfg = Release|Any CPU
		{5FD97262-D76C-4B20-AC04-13A860533735}.Release|Any CPU.Build.0 = Release|Any CPU
	EndGlobalSection
	GlobalSection(SolutionProperties) = preSolution
		HideSolutionNode = FALSE
	EndGlobalSection
	GlobalSection(ExtensibilityGlobals) = postSolution
		SolutionGuid = {7E241558-606B-4DDA-B244-54FF7B3EA37B}
	EndGlobalSection
EndGlobal
